
Microsoft Visual Studio Solution File, Format Version 12.00
# Visual Studio Version 16
VisualStudioVersion = 16.0.31019.35
MinimumVisualStudioVersion = 10.0.40219.1
Project("{FAE04EC0-301F-11D3-BF4B-00C04F79EFBC}") = "AdminConsole", "AdminConsole\AdminConsole.csproj", "{8F5C7548-E395-4FF1-827A-E3E469D6D47B}"
EndProject
Global
	GlobalSection(SolutionConfigurationPlatforms) = preSolution
		Debug|Any CPU = Debug|Any CPU
		Release|Any CPU = Release|Any CPU
	EndGlobalSection
	GlobalSection(ProjectConfigurationPlatforms) = postSolution
		{8F5C7548-E395-4FF1-827A-E3E469D6D47B}.Debug|Any CPU.ActiveCfg = Debug|Any CPU
		{8F5C7548-E395-4FF1-827A-E3E469D6D47B}.Debug|Any CPU.Build.0 = Debug|Any CPU
		{8F5C7548-E395-4FF1-827A-E3E469D6D47B}.Release|Any CPU.ActiveCfg = Release|Any CPU
		{8F5C7548-E395-4FF1-827A-E3E469D6D47B}.Release|Any CPU.Build.0 = Release|Any CPU
	EndGlobalSection
	GlobalSection(SolutionProperties) = preSolution
		HideSolutionNode = FALSE
	EndGlobalSection
	GlobalSection(ExtensibilityGlobals) = postSolution
		SolutionGuid = {E1F31D15-10C7-47CF-952C-333EC710847B}
	EndGlobalSection
EndGlobal
